
Microsoft Visual Studio Solution File, Format Version 12.00
# Visual Studio Version 17
VisualStudioVersion = 17.0.32112.339
MinimumVisualStudioVersion = 10.0.40219.1
Project("{8BC9CEB8-8B4A-11D0-8D11-00A0C91BC942}") = "输出1-100之间的奇数", "输出1-100之间的奇数.vcxproj", "{694003E1-A4C7-4EF0-8D7F-14A8E9CF5144}"
EndProject
Global
	GlobalSection(SolutionConfigurationPlatforms) = preSolution
		Debug|x64 = Debug|x64
		Debug|x86 = Debug|x86
		Release|x64 = Release|x64
		Release|x86 = Release|x86
	EndGlobalSection
	GlobalSection(ProjectConfigurationPlatforms) = postSolution
		{694003E1-A4C7-4EF0-8D7F-14A8E9CF5144}.Debug|x64.ActiveCfg = Debug|x64
		{694003E1-A4C7-4EF0-8D7F-14A8E9CF5144}.Debug|x64.Build.0 = Debug|x64
		{694003E1-A4C7-4EF0-8D7F-14A8E9CF5144}.Debug|x86.ActiveCfg = Debug|Win32
		{694003E1-A4C7-4EF0-8D7F-14A8E9CF5144}.Debug|x86.Build.0 = Debug|Win32
		{694003E1-A4C7-4EF0-8D7F-14A8E9CF5144}.Release|x64.ActiveCfg = Release|x64
		{694003E1-A4C7-4EF0-8D7F-14A8E9CF5144}.Release|x64.Build.0 = Release|x64
		{694003E1-A4C7-4EF0-8D7F-14A8E9CF5144}.Release|x86.ActiveCfg = Release|Win32
		{694003E1-A4C7-4EF0-8D7F-14A8E9CF5144}.Release|x86.Build.0 = Release|Win32
	EndGlobalSection
	GlobalSection(SolutionProperties) = preSolution
		HideSolutionNode = FALSE
	EndGlobalSection
	GlobalSection(ExtensibilityGlobals) = postSolution
		SolutionGuid = {98150327-8733-401F-B8BE-13CCC4351C60}
	EndGlobalSection
EndGlobal
